# This file was autogenerated by Stack.
# You should not edit this file by hand.
# For more information, please see the documentation at:
#   https://docs.haskellstack.org/en/stable/lock_files

packages:
- completed:
    hackage: primitive-0.7.0.0@sha256:c45abc68bec080e3f1ab347dd331617d43fded94a473086bf21aeda69a6e20bc,3552
    pantry-tree:
      size: 3221
      sha256: 2d85b8e01790534e666f519787454bab613c21d609f6707cb56c3301fafcc8cb
  original:
    hackage: primitive-0.7.0.0
- completed:
    name: linear-base
    version: 0.1.0.0
    git: https://github.com/tweag/linear-base.git
    pantry-tree:
      size: 3349
      sha256: b76ad59f10920d4862144b4a91431d3c26f0847077c7ea4fd0801b6e16055a42
    commit: 5dcb68d52229753f381110e8b0bb681245080235
  original:
    git: https://github.com/tweag/linear-base.git
    commit: 5dcb68d52229753f381110e8b0bb681245080235
snapshots:
- completed:
    size: 524127
    url: https://raw.githubusercontent.com/commercialhaskell/stackage-snapshots/master/lts/14/6.yaml
    sha256: dc70dfb45e2c32f54719819bd055f46855dd4b3bd2e58b9f3f38729a2d553fbb
  original: lts-14.6
